
Microsoft Visual Studio Solution File, Format Version 12.00
# Visual Studio Version 17
VisualStudioVersion = 17.8.34511.84
MinimumVisualStudioVersion = 10.0.40219.1
Project("{9A19103F-16F7-4668-BE54-9A1E7A4F7556}") = "GPUTestAnalysisFeb5", "GPUTestAnalysisFeb5\GPUTestAnalysisFeb5.csproj", "{65DF6407-57AC-4F74-BB85-F802E99751AF}"
EndProject
Project("{9A19103F-16F7-4668-BE54-9A1E7A4F7556}") = "GPUTestAnalysisFeb5.Client", "GPUTestAnalysisFeb5.Client\GPUTestAnalysisFeb5.Client.csproj", "{95CACE21-F79B-42A0-9AA8-E7DF869E96E1}"
EndProject
Global
	GlobalSection(SolutionConfigurationPlatforms) = preSolution
		Debug|Any CPU = Debug|Any CPU
		Release|Any CPU = Release|Any CPU
	EndGlobalSection
	GlobalSection(ProjectConfigurationPlatforms) = postSolution
		{65DF6407-57AC-4F74-BB85-F802E99751AF}.Debug|Any CPU.ActiveCfg = Debug|Any CPU
		{65DF6407-57AC-4F74-BB85-F802E99751AF}.Debug|Any CPU.Build.0 = Debug|Any CPU
		{65DF6407-57AC-4F74-BB85-F802E99751AF}.Release|Any CPU.ActiveCfg = Release|Any CPU
		{65DF6407-57AC-4F74-BB85-F802E99751AF}.Release|Any CPU.Build.0 = Release|Any CPU
		{95CACE21-F79B-42A0-9AA8-E7DF869E96E1}.Debug|Any CPU.ActiveCfg = Debug|Any CPU
		{95CACE21-F79B-42A0-9AA8-E7DF869E96E1}.Debug|Any CPU.Build.0 = Debug|Any CPU
		{95CACE21-F79B-42A0-9AA8-E7DF869E96E1}.Release|Any CPU.ActiveCfg = Release|Any CPU
		{95CACE21-F79B-42A0-9AA8-E7DF869E96E1}.Release|Any CPU.Build.0 = Release|Any CPU
	EndGlobalSection
	GlobalSection(SolutionProperties) = preSolution
		HideSolutionNode = FALSE
	EndGlobalSection
	GlobalSection(ExtensibilityGlobals) = postSolution
		SolutionGuid = {70C3AC0E-EF67-49BA-BC52-0EAB745F4E46}
	EndGlobalSection
EndGlobal
